
Microsoft Visual Studio Solution File, Format Version 12.00
# Visual Studio Version 16
VisualStudioVersion = 16.0.29728.190
MinimumVisualStudioVersion = 10.0.40219.1
Project("{FAE04EC0-301F-11D3-BF4B-00C04F79EFBC}") = "SudokuSolver", "SudokuSolver\SudokuSolver.csproj", "{782AC146-02F8-4512-B239-90755D344785}"
EndProject
Project("{FAE04EC0-301F-11D3-BF4B-00C04F79EFBC}") = "Models", "Models\Models.csproj", "{224D8AEC-2DF5-4C40-989C-ED4126168DB4}"
EndProject
Project("{FAE04EC0-301F-11D3-BF4B-00C04F79EFBC}") = "ViewModels", "ViewModels\ViewModels.csproj", "{289D04F5-8108-4D7E-9995-C4DB86916EEA}"
EndProject
Project("{FAE04EC0-301F-11D3-BF4B-00C04F79EFBC}") = "HelperClasses", "HelperClasses\HelperClasses.csproj", "{8EBE359A-FC81-405A-939A-0424D45FF4A3}"
EndProject
Project("{FAE04EC0-301F-11D3-BF4B-00C04F79EFBC}") = "DigitClassifier", "DigitClassifier\DigitClassifier.csproj", "{278B53B4-D3BE-4894-99C9-E406C28B1DF2}"
EndProject
Project("{FAE04EC0-301F-11D3-BF4B-00C04F79EFBC}") = "TrainingInterface", "TrainingInterface\TrainingInterface.csproj", "{D5A34D72-9690-49B1-A632-61D5384ACEAA}"
EndProject
Global
	GlobalSection(SolutionConfigurationPlatforms) = preSolution
		Debug|Any CPU = Debug|Any CPU
		Debug|x86 = Debug|x86
		Release|Any CPU = Release|Any CPU
		Release|x86 = Release|x86
	EndGlobalSection
	GlobalSection(ProjectConfigurationPlatforms) = postSolution
		{782AC146-02F8-4512-B239-90755D344785}.Debug|Any CPU.ActiveCfg = Debug|Any CPU
		{782AC146-02F8-4512-B239-90755D344785}.Debug|Any CPU.Build.0 = Debug|Any CPU
		{782AC146-02F8-4512-B239-90755D344785}.Debug|x86.ActiveCfg = Debug|Any CPU
		{782AC146-02F8-4512-B239-90755D344785}.Debug|x86.Build.0 = Debug|Any CPU
		{782AC146-02F8-4512-B239-90755D344785}.Release|Any CPU.ActiveCfg = Release|Any CPU
		{782AC146-02F8-4512-B239-90755D344785}.Release|Any CPU.Build.0 = Release|Any CPU
		{782AC146-02F8-4512-B239-90755D344785}.Release|x86.ActiveCfg = Release|Any CPU
		{782AC146-02F8-4512-B239-90755D344785}.Release|x86.Build.0 = Release|Any CPU
		{224D8AEC-2DF5-4C40-989C-ED4126168DB4}.Debug|Any CPU.ActiveCfg = Debug|Any CPU
		{224D8AEC-2DF5-4C40-989C-ED4126168DB4}.Debug|Any CPU.Build.0 = Debug|Any CPU
		{224D8AEC-2DF5-4C40-989C-ED4126168DB4}.Debug|x86.ActiveCfg = Debug|Any CPU
		{224D8AEC-2DF5-4C40-989C-ED4126168DB4}.Debug|x86.Build.0 = Debug|Any CPU
		{224D8AEC-2DF5-4C40-989C-ED4126168DB4}.Release|Any CPU.ActiveCfg = Release|Any CPU
		{224D8AEC-2DF5-4C40-989C-ED4126168DB4}.Release|Any CPU.Build.0 = Release|Any CPU
		{224D8AEC-2DF5-4C40-989C-ED4126168DB4}.Release|x86.ActiveCfg = Release|Any CPU
		{224D8AEC-2DF5-4C40-989C-ED4126168DB4}.Release|x86.Build.0 = Release|Any CPU
		{289D04F5-8108-4D7E-9995-C4DB86916EEA}.Debug|Any CPU.ActiveCfg = Debug|Any CPU
		{289D04F5-8108-4D7E-9995-C4DB86916EEA}.Debug|Any CPU.Build.0 = Debug|Any CPU
		{289D04F5-8108-4D7E-9995-C4DB86916EEA}.Debug|x86.ActiveCfg = Debug|Any CPU
		{289D04F5-8108-4D7E-9995-C4DB86916EEA}.Debug|x86.Build.0 = Debug|Any CPU
		{289D04F5-8108-4D7E-9995-C4DB86916EEA}.Release|Any CPU.ActiveCfg = Release|Any CPU
		{289D04F5-8108-4D7E-9995-C4DB86916EEA}.Release|Any CPU.Build.0 = Release|Any CPU
		{289D04F5-8108-4D7E-9995-C4DB86916EEA}.Release|x86.ActiveCfg = Release|Any CPU
		{289D04F5-8108-4D7E-9995-C4DB86916EEA}.Release|x86.Build.0 = Release|Any CPU
		{8EBE359A-FC81-405A-939A-0424D45FF4A3}.Debug|Any CPU.ActiveCfg = Debug|Any CPU
		{8EBE359A-FC81-405A-939A-0424D45FF4A3}.Debug|Any CPU.Build.0 = Debug|Any CPU
		{8EBE359A-FC81-405A-939A-0424D45FF4A3}.Debug|x86.ActiveCfg = Debug|Any CPU
		{8EBE359A-FC81-405A-939A-0424D45FF4A3}.Debug|x86.Build.0 = Debug|Any CPU
		{8EBE359A-FC81-405A-939A-0424D45FF4A3}.Release|Any CPU.ActiveCfg = Release|Any CPU
		{8EBE359A-FC81-405A-939A-0424D45FF4A3}.Release|Any CPU.Build.0 = Release|Any CPU
		{8EBE359A-FC81-405A-939A-0424D45FF4A3}.Release|x86.ActiveCfg = Release|Any CPU
		{8EBE359A-FC81-405A-939A-0424D45FF4A3}.Release|x86.Build.0 = Release|Any CPU
		{278B53B4-D3BE-4894-99C9-E406C28B1DF2}.Debug|Any CPU.ActiveCfg = Debug|Any CPU
		{278B53B4-D3BE-4894-99C9-E406C28B1DF2}.Debug|Any CPU.Build.0 = Debug|Any CPU
		{278B53B4-D3BE-4894-99C9-E406C28B1DF2}.Debug|x86.ActiveCfg = Debug|Any CPU
		{278B53B4-D3BE-4894-99C9-E406C28B1DF2}.Debug|x86.Build.0 = Debug|Any CPU
		{278B53B4-D3BE-4894-99C9-E406C28B1DF2}.Release|Any CPU.ActiveCfg = Release|Any CPU
		{278B53B4-D3BE-4894-99C9-E406C28B1DF2}.Release|Any CPU.Build.0 = Release|Any CPU
		{278B53B4-D3BE-4894-99C9-E406C28B1DF2}.Release|x86.ActiveCfg = Release|Any CPU
		{278B53B4-D3BE-4894-99C9-E406C28B1DF2}.Release|x86.Build.0 = Release|Any CPU
		{D5A34D72-9690-49B1-A632-61D5384ACEAA}.Debug|Any CPU.ActiveCfg = Debug|Any CPU
		{D5A34D72-9690-49B1-A632-61D5384ACEAA}.Debug|Any CPU.Build.0 = Debug|Any CPU
		{D5A34D72-9690-49B1-A632-61D5384ACEAA}.Debug|x86.ActiveCfg = Debug|Any CPU
		{D5A34D72-9690-49B1-A632-61D5384ACEAA}.Debug|x86.Build.0 = Debug|Any CPU
		{D5A34D72-9690-49B1-A632-61D5384ACEAA}.Release|Any CPU.ActiveCfg = Release|Any CPU
		{D5A34D72-9690-49B1-A632-61D5384ACEAA}.Release|Any CPU.Build.0 = Release|Any CPU
		{D5A34D72-9690-49B1-A632-61D5384ACEAA}.Release|x86.ActiveCfg = Release|Any CPU
		{D5A34D72-9690-49B1-A632-61D5384ACEAA}.Release|x86.Build.0 = Release|Any CPU
	EndGlobalSection
	GlobalSection(SolutionProperties) = preSolution
		HideSolutionNode = FALSE
	EndGlobalSection
	GlobalSection(ExtensibilityGlobals) = postSolution
		SolutionGuid = {586E4D83-1F5F-4ABF-9E5E-ADD710E57A7A}
	EndGlobalSection
EndGlobal
